
Microsoft Visual Studio Solution File, Format Version 12.00
# Visual Studio Version 17
VisualStudioVersion = 17.11.35312.102
MinimumVisualStudioVersion = 10.0.40219.1
Project("{FAE04EC0-301F-11D3-BF4B-00C04F79EFBC}") = "CommercialAutomation", "CommercialAutomation\CommercialAutomation.csproj", "{831D6C58-8280-4E74-B816-41D77325BAFE}"
EndProject
Global
	GlobalSection(SolutionConfigurationPlatforms) = preSolution
		Debug|Any CPU = Debug|Any CPU
		Release|Any CPU = Release|Any CPU
	EndGlobalSection
	GlobalSection(ProjectConfigurationPlatforms) = postSolution
		{831D6C58-8280-4E74-B816-41D77325BAFE}.Debug|Any CPU.ActiveCfg = Debug|Any CPU
		{831D6C58-8280-4E74-B816-41D77325BAFE}.Debug|Any CPU.Build.0 = Debug|Any CPU
		{831D6C58-8280-4E74-B816-41D77325BAFE}.Release|Any CPU.ActiveCfg = Release|Any CPU
		{831D6C58-8280-4E74-B816-41D77325BAFE}.Release|Any CPU.Build.0 = Release|Any CPU
	EndGlobalSection
	GlobalSection(SolutionProperties) = preSolution
		HideSolutionNode = FALSE
	EndGlobalSection
	GlobalSection(ExtensibilityGlobals) = postSolution
		SolutionGuid = {3341BFDD-ED1A-4AD1-93A9-CCB496FE84B2}
	EndGlobalSection
EndGlobal
